
Microsoft Visual Studio Solution File, Format Version 12.00
# Visual Studio Version 16
VisualStudioVersion = 16.0.30709.132
MinimumVisualStudioVersion = 10.0.40219.1
Project("{FAE04EC0-301F-11D3-BF4B-00C04F79EFBC}") = "CST117_OC08_console", "CST117_OC08_console\CST117_OC08_console.csproj", "{D1940A37-FB1A-4F26-9C8F-DBE3346B8A8D}"
EndProject
Global
	GlobalSection(SolutionConfigurationPlatforms) = preSolution
		Debug|Any CPU = Debug|Any CPU
		Release|Any CPU = Release|Any CPU
	EndGlobalSection
	GlobalSection(ProjectConfigurationPlatforms) = postSolution
		{D1940A37-FB1A-4F26-9C8F-DBE3346B8A8D}.Debug|Any CPU.ActiveCfg = Debug|Any CPU
		{D1940A37-FB1A-4F26-9C8F-DBE3346B8A8D}.Debug|Any CPU.Build.0 = Debug|Any CPU
		{D1940A37-FB1A-4F26-9C8F-DBE3346B8A8D}.Release|Any CPU.ActiveCfg = Release|Any CPU
		{D1940A37-FB1A-4F26-9C8F-DBE3346B8A8D}.Release|Any CPU.Build.0 = Release|Any CPU
	EndGlobalSection
	GlobalSection(SolutionProperties) = preSolution
		HideSolutionNode = FALSE
	EndGlobalSection
	GlobalSection(ExtensibilityGlobals) = postSolution
		SolutionGuid = {FB6A360B-CCF2-4EFA-B62B-DCC19B87AEB6}
	EndGlobalSection
EndGlobal
